<Solution>
  <Project Path="NbgDev.SwitchMan.App.Tests/NbgDev.SwitchMan.App.Tests.csproj" />
  <Project Path="NbgDev.SwitchMan.App/NbgDev.SwitchMan.App.csproj" />
  <Project Path="NbgDev.SwitchMan.Switches.Contract/NbgDev.SwitchMan.Switches.Contract.csproj" />
  <Project Path="NbgDev.SwitchMan.Switches.TLSG2008.Tests/NbgDev.SwitchMan.Switches.TLSG2008.Tests.csproj" />
  <Project Path="NbgDev.SwitchMan.Switches.TLSG2008/NbgDev.SwitchMan.Switches.TLSG2008.csproj" />
</Solution>
